// !$*UTF8*$!
{
	archiveVersion = 1;
	classes = {
	};
	objectVersion = 48;
	objects = {

/* Begin PBXBuildFile section */
		2C3D2B871FC43DAE0043A574 /* AppDelegate.swift in Sources */ = {isa = PBXBuildFile; fileRef = 2C3D2B861FC43DAE0043A574 /* AppDelegate.swift */; };
		2C3D2B891FC43DAE0043A574 /* ViewController.swift in Sources */ = {isa = PBXBuildFile; fileRef = 2C3D2B881FC43DAE0043A574 /* ViewController.swift */; };
		2C3D2B8C1FC43DAE0043A574 /* Main.storyboard in Resources */ = {isa = PBXBuildFile; fileRef = 2C3D2B8A1FC43DAE0043A574 /* Main.storyboard */; };
		2C3D2B8E1FC43DAE0043A574 /* Assets.xcassets in Resources */ = {isa = PBXBuildFile; fileRef = 2C3D2B8D1FC43DAE0043A574 /* Assets.xcassets */; };
		2C3D2B911FC43DAE0043A574 /* LaunchScreen.storyboard in Resources */ = {isa = PBXBuildFile; fileRef = 2C3D2B8F1FC43DAE0043A574 /* LaunchScreen.storyboard */; };
		2C3D2B9C1FC43DAE0043A574 /* MyNSBTests.swift in Sources */ = {isa = PBXBuildFile; fileRef = 2C3D2B9B1FC43DAE0043A574 /* MyNSBTests.swift */; };
		2C3D2BA71FC43DAE0043A574 /* MyNSBUITests.swift in Sources */ = {isa = PBXBuildFile; fileRef = 2C3D2BA61FC43DAE0043A574 /* MyNSBUITests.swift */; };
/* End PBXBuildFile section */

/* Begin PBXContainerItemProxy section */
		2C3D2B981FC43DAE0043A574 /* PBXContainerItemProxy */ = {
			isa = PBXContainerItemProxy;
			containerPortal = 2C3D2B7B1FC43DAE0043A574 /* Project object */;
			proxyType = 1;
			remoteGlobalIDString = 2C3D2B821FC43DAE0043A574;
			remoteInfo = MyNSB;
		};
		2C3D2BA31FC43DAE0043A574 /* PBXContainerItemProxy */ = {
			isa = PBXContainerItemProxy;
			containerPortal = 2C3D2B7B1FC43DAE0043A574 /* Project object */;
			proxyType = 1;
			remoteGlobalIDString = 2C3D2B821FC43DAE0043A574;
			remoteInfo = MyNSB;
		};
/* End PBXContainerItemProxy section */

/* Begin PBXFileReference section */
		2C3D2B831FC43DAE0043A574 /* MyNSB.app */ = {isa = PBXFileReference; explicitFileType = wrapper.application; includeInIndex = 0; path = MyNSB.app; sourceTree = BUILT_PRODUCTS_DIR; };
		2C3D2B861FC43DAE0043A574 /* AppDelegate.swift */ = {isa = PBXFileReference; lastKnownFileType = sourcecode.swift; path = AppDelegate.swift; sourceTree = "<group>"; };
		2C3D2B881FC43DAE0043A574 /* ViewController.swift */ = {isa = PBXFileReference; lastKnownFileType = sourcecode.swift; path = ViewController.swift; sourceTree = "<group>"; };
		2C3D2B8B1FC43DAE0043A574 /* Base */ = {isa = PBXFileReference; lastKnownFileType = file.storyboard; name = Base; path = Base.lproj/Main.storyboard; sourceTree = "<group>"; };
		2C3D2B8D1FC43DAE0043A574 /* Assets.xcassets */ = {isa = PBXFileReference; lastKnownFileType = folder.assetcatalog; path = Assets.xcassets; sourceTree = "<group>"; };
		2C3D2B901FC43DAE0043A574 /* Base */ = {isa = PBXFileReference; lastKnownFileType = file.storyboard; name = Base; path = Base.lproj/LaunchScreen.storyboard; sourceTree = "<group>"; };
		2C3D2B921FC43DAE0043A574 /* Info.plist */ = {isa = PBXFileReference; lastKnownFileType = text.plist.xml; path = Info.plist; sourceTree = "<group>"; };
		2C3D2B971FC43DAE0043A574 /* MyNSBTests.xctest */ = {isa = PBXFileReference; explicitFileType = wrapper.cfbundle; includeInIndex = 0; path = MyNSBTests.xctest; sourceTree = BUILT_PRODUCTS_DIR; };
		2C3D2B9B1FC43DAE0043A574 /* MyNSBTests.swift */ = {isa = PBXFileReference; lastKnownFileType = sourcecode.swift; path = MyNSBTests.swift; sourceTree = "<group>"; };
		2C3D2B9D1FC43DAE0043A574 /* Info.plist */ = {isa = PBXFileReference; lastKnownFileType = text.plist.xml; path = Info.plist; sourceTree = "<group>"; };
		2C3D2BA21FC43DAE0043A574 /* MyNSBUITests.xctest */ = {isa = PBXFileReference; explicitFileType = wrapper.cfbundle; includeInIndex = 0; path = MyNSBUITests.xctest; sourceTree = BUILT_PRODUCTS_DIR; };
		2C3D2BA61FC43DAE0043A574 /* MyNSBUITests.swift */ = {isa = PBXFileReference; lastKnownFileType = sourcecode.swift; path = MyNSBUITests.swift; sourceTree = "<group>"; };
		2C3D2BA81FC43DAE0043A574 /* Info.plist */ = {isa = PBXFileReference; lastKnownFileType = text.plist.xml; path = Info.plist; sourceTree = "<group>"; };
/* End PBXFileReference section */

/* Begin PBXFrameworksBuildPhase section */
		2C3D2B801FC43DAE0043A574 /* Frameworks */ = {
			isa = PBXFrameworksBuildPhase;
			buildActionMask = 2147483647;
			files = (
			);
			runOnlyForDeploymentPostprocessing = 0;
		};
		2C3D2B941FC43DAE0043A574 /* Frameworks */ = {
			isa = PBXFrameworksBuildPhase;
			buildActionMask = 2147483647;
			files = (
			);
			runOnlyForDeploymentPostprocessing = 0;
		};
		2C3D2B9F1FC43DAE0043A574 /* Frameworks */ = {
			isa = PBXFrameworksBuildPhase;
			buildActionMask = 2147483647;
			files = (
			);
			runOnlyForDeploymentPostprocessing = 0;
		};
/* End PBXFrameworksBuildPhase section */

/* Begin PBXGroup section */
		2C3D2B7A1FC43DAE0043A574 = {
			isa = PBXGroup;
			children = (
				2C3D2B851FC43DAE0043A574 /* MyNSB */,
				2C3D2B9A1FC43DAE0043A574 /* MyNSBTests */,
				2C3D2BA51FC43DAE0043A574 /* MyNSBUITests */,
				2C3D2B841FC43DAE0043A574 /* Products */,
			);
			sourceTree = "<group>";
		};
		2C3D2B841FC43DAE0043A574 /* Products */ = {
			isa = PBXGroup;
			children = (
				2C3D2B831FC43DAE0043A574 /* MyNSB.app */,
				2C3D2B971FC43DAE0043A574 /* MyNSBTests.xctest */,
				2C3D2BA21FC43DAE0043A574 /* MyNSBUITests.xctest */,
			);
			name = Products;
			sourceTree = "<group>";
		};
		2C3D2B851FC43DAE0043A574 /* MyNSB */ = {
			isa = PBXGroup;
			children = (
				2C3D2B861FC43DAE0043A574 /* AppDelegate.swift */,
				2C3D2B881FC43DAE0043A574 /* ViewController.swift */,
				2C3D2B8A1FC43DAE0043A574 /* Main.storyboard */,
				2C3D2B8D1FC43DAE0043A574 /* Assets.xcassets */,
				2C3D2B8F1FC43DAE0043A574 /* LaunchScreen.storyboard */,
				2C3D2B921FC43DAE0043A574 /* Info.plist */,
			);
			path = MyNSB;
			sourceTree = "<group>";
		};
		2C3D2B9A1FC43DAE0043A574 /* MyNSBTests */ = {
			isa = PBXGroup;
			children = (
				2C3D2B9B1FC43DAE0043A574 /* MyNSBTests.swift */,
				2C3D2B9D1FC43DAE0043A574 /* Info.plist */,
			);
			path = MyNSBTests;
			sourceTree = "<group>";
		};
		2C3D2BA51FC43DAE0043A574 /* MyNSBUITests */ = {
			isa = PBXGroup;
			children = (
				2C3D2BA61FC43DAE0043A574 /* MyNSBUITests.swift */,
				2C3D2BA81FC43DAE0043A574 /* Info.plist */,
			);
			path = MyNSBUITests;
			sourceTree = "<group>";
		};
/* End PBXGroup section */

/* Begin PBXNativeTarget section */
		2C3D2B821FC43DAE0043A574 /* MyNSB */ = {
			isa = PBXNativeTarget;
			buildConfigurationList = 2C3D2BAB1FC43DAE0043A574 /* Build configuration list for PBXNativeTarget "MyNSB" */;
			buildPhases = (
				2C3D2B7F1FC43DAE0043A574 /* Sources */,
				2C3D2B801FC43DAE0043A574 /* Frameworks */,
				2C3D2B811FC43DAE0043A574 /* Resources */,
			);
			buildRules = (
			);
			dependencies = (
			);
			name = MyNSB;
			productName = MyNSB;
			productReference = 2C3D2B831FC43DAE0043A574 /* MyNSB.app */;
			productType = "com.apple.product-type.application";
		};
		2C3D2B961FC43DAE0043A574 /* MyNSBTests */ = {
			isa = PBXNativeTarget;
			buildConfigurationList = 2C3D2BAE1FC43DAE0043A574 /* Build configuration list for PBXNativeTarget "MyNSBTests" */;
			buildPhases = (
				2C3D2B931FC43DAE0043A574 /* Sources */,
				2C3D2B941FC43DAE0043A574 /* Frameworks */,
				2C3D2B951FC43DAE0043A574 /* Resources */,
			);
			buildRules = (
			);
			dependencies = (
				2C3D2B991FC43DAE0043A574 /* PBXTargetDependency */,
			);
			name = MyNSBTests;
			productName = MyNSBTests;
			productReference = 2C3D2B971FC43DAE0043A574 /* MyNSBTests.xctest */;
			productType = "com.apple.product-type.bundle.unit-test";
		};
		2C3D2BA11FC43DAE0043A574 /* MyNSBUITests */ = {
			isa = PBXNativeTarget;
			buildConfigurationList = 2C3D2BB11FC43DAE0043A574 /* Build configuration list for PBXNativeTarget "MyNSBUITests" */;
			buildPhases = (
				2C3D2B9E1FC43DAE0043A574 /* Sources */,
				2C3D2B9F1FC43DAE0043A574 /* Frameworks */,
				2C3D2BA01FC43DAE0043A574 /* Resources */,
			);
			buildRules = (
			);
			dependencies = (
				2C3D2BA41FC43DAE0043A574 /* PBXTargetDependency */,
			);
			name = MyNSBUITests;
			productName = MyNSBUITests;
			productReference = 2C3D2BA21FC43DAE0043A574 /* MyNSBUITests.xctest */;
			productType = "com.apple.product-type.bundle.ui-testing";
		};
/* End PBXNativeTarget section */

/* Begin PBXProject section */
		2C3D2B7B1FC43DAE0043A574 /* Project object */ = {
			isa = PBXProject;
			attributes = {
				LastSwiftUpdateCheck = 0910;
				LastUpgradeCheck = 0910;
				ORGANIZATIONNAME = "Qwerp-Derp";
				TargetAttributes = {
					2C3D2B821FC43DAE0043A574 = {
						CreatedOnToolsVersion = 9.1;
						ProvisioningStyle = Automatic;
					};
					2C3D2B961FC43DAE0043A574 = {
						CreatedOnToolsVersion = 9.1;
						ProvisioningStyle = Automatic;
						TestTargetID = 2C3D2B821FC43DAE0043A574;
					};
					2C3D2BA11FC43DAE0043A574 = {
						CreatedOnToolsVersion = 9.1;
						ProvisioningStyle = Automatic;
						TestTargetID = 2C3D2B821FC43DAE0043A574;
					};
				};
			};
			buildConfigurationList = 2C3D2B7E1FC43DAE0043A574 /* Build configuration list for PBXProject "MyNSB" */;
			compatibilityVersion = "Xcode 8.0";
			developmentRegion = en;
			hasScannedForEncodings = 0;
			knownRegions = (
				en,
				Base,
			);
			mainGroup = 2C3D2B7A1FC43DAE0043A574;
			productRefGroup = 2C3D2B841FC43DAE0043A574 /* Products */;
			projectDirPath = "";
			projectRoot = "";
			targets = (
				2C3D2B821FC43DAE0043A574 /* MyNSB */,
				2C3D2B961FC43DAE0043A574 /* MyNSBTests */,
				2C3D2BA11FC43DAE0043A574 /* MyNSBUITests */,
			);
		};
/* End PBXProject section */

/* Begin PBXResourcesBuildPhase section */
		2C3D2B811FC43DAE0043A574 /* Resources */ = {
			isa = PBXResourcesBuildPhase;
			buildActionMask = 2147483647;
			files = (
				2C3D2B911FC43DAE0043A574 /* LaunchScreen.storyboard in Resources */,
				2C3D2B8E1FC43DAE0043A574 /* Assets.xcassets in Resources */,
				2C3D2B8C1FC43DAE0043A574 /* Main.storyboard in Resources */,
			);
			runOnlyForDeploymentPostprocessing = 0;
		};
		2C3D2B951FC43DAE0043A574 /* Resources */ = {
			isa = PBXResourcesBuildPhase;
			buildActionMask = 2147483647;
			files = (
			);
			runOnlyForDeploymentPostprocessing = 0;
		};
		2C3D2BA01FC43DAE0043A574 /* Resources */ = {
			isa = PBXResourcesBuildPhase;
			buildActionMask = 2147483647;
			files = (
			);
			runOnlyForDeploymentPostprocessing = 0;
		};
/* End PBXResourcesBuildPhase section */

/* Begin PBXSourcesBuildPhase section */
		2C3D2B7F1FC43DAE0043A574 /* Sources */ = {
			isa = PBXSourcesBuildPhase;
			buildActionMask = 2147483647;
			files = (
				2C3D2B891FC43DAE0043A574 /* ViewController.swift in Sources */,
				2C3D2B871FC43DAE0043A574 /* AppDelegate.swift in Sources */,
			);
			runOnlyForDeploymentPostprocessing = 0;
		};
		2C3D2B931FC43DAE0043A574 /* Sources */ = {
			isa = PBXSourcesBuildPhase;
			buildActionMask = 2147483647;
			files = (
				2C3D2B9C1FC43DAE0043A574 /* MyNSBTests.swift in Sources */,
			);
			runOnlyForDeploymentPostprocessing = 0;
		};
		2C3D2B9E1FC43DAE0043A574 /* Sources */ = {
			isa = PBXSourcesBuildPhase;
			buildActionMask = 2147483647;
			files = (
				2C3D2BA71FC43DAE0043A574 /* MyNSBUITests.swift in Sources */,
			);
			runOnlyForDeploymentPostprocessing = 0;
		};
/* End PBXSourcesBuildPhase section */

/* Begin PBXTargetDependency section */
		2C3D2B991FC43DAE0043A574 /* PBXTargetDependency */ = {
			isa = PBXTargetDependency;
			target = 2C3D2B821FC43DAE0043A574 /* MyNSB */;
			targetProxy = 2C3D2B981FC43DAE0043A574 /* PBXContainerItemProxy */;
		};
		2C3D2BA41FC43DAE0043A574 /* PBXTargetDependency */ = {
			isa = PBXTargetDependency;
			target = 2C3D2B821FC43DAE0043A574 /* MyNSB */;
			targetProxy = 2C3D2BA31FC43DAE0043A574 /* PBXContainerItemProxy */;
		};
/* End PBXTargetDependency section */

/* Begin PBXVariantGroup section */
		2C3D2B8A1FC43DAE0043A574 /* Main.storyboard */ = {
			isa = PBXVariantGroup;
			children = (
				2C3D2B8B1FC43DAE0043A574 /* Base */,
			);
			name = Main.storyboard;
			sourceTree = "<group>";
		};
		2C3D2B8F1FC43DAE0043A574 /* LaunchScreen.storyboard */ = {
			isa = PBXVariantGroup;
			children = (
				2C3D2B901FC43DAE0043A574 /* Base */,
			);
			name = LaunchScreen.storyboard;
			sourceTree = "<group>";
		};
/* End PBXVariantGroup section */

/* Begin XCBuildConfiguration section */
		2C3D2BA91FC43DAE0043A574 /* Debug */ = {
			isa = XCBuildConfiguration;
			buildSettings = {
				ALWAYS_SEARCH_USER_PATHS = NO;
				CLANG_ANALYZER_NONNULL = YES;
				CLANG_ANALYZER_NUMBER_OBJECT_CONVERSION = YES_AGGRESSIVE;
				CLANG_CXX_LANGUAGE_STANDARD = "gnu++14";
				CLANG_CXX_LIBRARY = "libc++";
				CLANG_ENABLE_MODULES = YES;
				CLANG_ENABLE_OBJC_ARC = YES;
				CLANG_WARN_BLOCK_CAPTURE_AUTORELEASING = YES;
				CLANG_WARN_BOOL_CONVERSION = YES;
				CLANG_WARN_COMMA = YES;
				CLANG_WARN_CONSTANT_CONVERSION = YES;
				CLANG_WARN_DIRECT_OBJC_ISA_USAGE = YES_ERROR;
				CLANG_WARN_DOCUMENTATION_COMMENTS = YES;
				CLANG_WARN_EMPTY_BODY = YES;
				CLANG_WARN_ENUM_CONVERSION = YES;
				CLANG_WARN_INFINITE_RECURSION = YES;
				CLANG_WARN_INT_CONVERSION = YES;
				CLANG_WARN_NON_LITERAL_NULL_CONVERSION = YES;
				CLANG_WARN_OBJC_LITERAL_CONVERSION = YES;
				CLANG_WARN_OBJC_ROOT_CLASS = YES_ERROR;
				CLANG_WARN_RANGE_LOOP_ANALYSIS = YES;
				CLANG_WARN_STRICT_PROTOTYPES = YES;
				CLANG_WARN_SUSPICIOUS_MOVE = YES;
				CLANG_WARN_UNGUARDED_AVAILABILITY = YES_AGGRESSIVE;
				CLANG_WARN_UNREACHABLE_CODE = YES;
				CLANG_WARN__DUPLICATE_METHOD_MATCH = YES;
				CODE_SIGN_IDENTITY = "iPhone Developer";
				COPY_PHASE_STRIP = NO;
				DEBUG_INFORMATION_FORMAT = dwarf;
				ENABLE_STRICT_OBJC_MSGSEND = YES;
				ENABLE_TESTABILITY = YES;
				GCC_C_LANGUAGE_STANDARD = gnu11;
				GCC_DYNAMIC_NO_PIC = NO;
				GCC_NO_COMMON_BLOCKS = YES;
				GCC_OPTIMIZATION_LEVEL = 0;
				GCC_PREPROCESSOR_DEFINITIONS = (
					"DEBUG=1",
					"$(inherited)",
				);
				GCC_WARN_64_TO_32_BIT_CONVERSION = YES;
				GCC_WARN_ABOUT_RETURN_TYPE = YES_ERROR;
				GCC_WARN_UNDECLARED_SELECTOR = YES;
				GCC_WARN_UNINITIALIZED_AUTOS = YES_AGGRESSIVE;
				GCC_WARN_UNUSED_FUNCTION = YES;
				GCC_WARN_UNUSED_VARIABLE = YES;
				IPHONEOS_DEPLOYMENT_TARGET = 11.1;
				MTL_ENABLE_DEBUG_INFO = YES;
				ONLY_ACTIVE_ARCH = YES;
				SDKROOT = iphoneos;
				SWIFT_ACTIVE_COMPILATION_CONDITIONS = DEBUG;
				SWIFT_OPTIMIZATION_LEVEL = "-Onone";
			};
			name = Debug;
		};
		2C3D2BAA1FC43DAE0043A574 /* Release */ = {
			isa = XCBuildConfiguration;
			buildSettings = {
				ALWAYS_SEARCH_USER_PATHS = NO;
				CLANG_ANALYZER_NONNULL = YES;
				CLANG_ANALYZER_NUMBER_OBJECT_CONVERSION = YES_AGGRESSIVE;
				CLANG_CXX_LANGUAGE_STANDARD = "gnu++14";
				CLANG_CXX_LIBRARY = "libc++";
				CLANG_ENABLE_MODULES = YES;
				CLANG_ENABLE_OBJC_ARC = YES;
				CLANG_WARN_BLOCK_CAPTURE_AUTORELEASING = YES;
				CLANG_WARN_BOOL_CONVERSION = YES;
				CLANG_WARN_COMMA = YES;
				CLANG_WARN_CONSTANT_CONVERSION = YES;
				CLANG_WARN_DIRECT_OBJC_ISA_USAGE = YES_ERROR;
				CLANG_WARN_DOCUMENTATION_COMMENTS = YES;
				CLANG_WARN_EMPTY_BODY = YES;
				CLANG_WARN_ENUM_CONVERSION = YES;
				CLANG_WARN_INFINITE_RECURSION = YES;
				CLANG_WARN_INT_CONVERSION = YES;
				CLANG_WARN_NON_LITERAL_NULL_CONVERSION = YES;
				CLANG_WARN_OBJC_LITERAL_CONVERSION = YES;
				CLANG_WARN_OBJC_ROOT_CLASS = YES_ERROR;
				CLANG_WARN_RANGE_LOOP_ANALYSIS = YES;
				CLANG_WARN_STRICT_PROTOTYPES = YES;
				CLANG_WARN_SUSPICIOUS_MOVE = YES;
				CLANG_WARN_UNGUARDED_AVAILABILITY = YES_AGGRESSIVE;
				CLANG_WARN_UNREACHABLE_CODE = YES;
				CLANG_WARN__DUPLICATE_METHOD_MATCH = YES;
				CODE_SIGN_IDENTITY = "iPhone Developer";
				COPY_PHASE_STRIP = NO;
				DEBUG_INFORMATION_FORMAT = "dwarf-with-dsym";
				ENABLE_NS_ASSERTIONS = NO;
				ENABLE_STRICT_OBJC_MSGSEND = YES;
				GCC_C_LANGUAGE_STANDARD = gnu11;
				GCC_NO_COMMON_BLOCKS = YES;
				GCC_WARN_64_TO_32_BIT_CONVERSION = YES;
				GCC_WARN_ABOUT_RETURN_TYPE = YES_ERROR;
				GCC_WARN_UNDECLARED_SELECTOR = YES;
				GCC_WARN_UNINITIALIZED_AUTOS = YES_AGGRESSIVE;
				GCC_WARN_UNUSED_FUNCTION = YES;
				GCC_WARN_UNUSED_VARIABLE = YES;
				IPHONEOS_DEPLOYMENT_TARGET = 11.1;
				MTL_ENABLE_DEBUG_INFO = NO;
				SDKROOT = iphoneos;
				SWIFT_OPTIMIZATION_LEVEL = "-Owholemodule";
				VALIDATE_PRODUCT = YES;
			};
			name = Release;
		};
		2C3D2BAC1FC43DAE0043A574 /* Debug */ = {
			isa = XCBuildConfiguration;
			buildSettings = {
				ASSETCATALOG_COMPILER_APPICON_NAME = AppIcon;
				CODE_SIGN_STYLE = Automatic;
				DEVELOPMENT_TEAM = AKN8F42NM6;
				INFOPLIST_FILE = MyNSB/Info.plist;
				LD_RUNPATH_SEARCH_PATHS = "$(inherited) @executable_path/Frameworks";
				PRODUCT_BUNDLE_IDENTIFIER = com.qwerpderp.MyNSB;
				PRODUCT_NAME = "$(TARGET_NAME)";
				SWIFT_VERSION = 4.0;
				TARGETED_DEVICE_FAMILY = "1,2";
			};
			name = Debug;
		};
		2C3D2BAD1FC43DAE0043A574 /* Release */ = {
			isa = XCBuildConfiguration;
			buildSettings = {
				ASSETCATALOG_COMPILER_APPICON_NAME = AppIcon;
				CODE_SIGN_STYLE = Automatic;
				DEVELOPMENT_TEAM = AKN8F42NM6;
				INFOPLIST_FILE = MyNSB/Info.plist;
				LD_RUNPATH_SEARCH_PATHS = "$(inherited) @executable_path/Frameworks";
				PRODUCT_BUNDLE_IDENTIFIER = com.qwerpderp.MyNSB;
				PRODUCT_NAME = "$(TARGET_NAME)";
				SWIFT_VERSION = 4.0;
				TARGETED_DEVICE_FAMILY = "1,2";
			};
			name = Release;
		};
		2C3D2BAF1FC43DAE0043A574 /* Debug */ = {
			isa = XCBuildConfiguration;
			buildSettings = {
				ALWAYS_EMBED_SWIFT_STANDARD_LIBRARIES = YES;
				BUNDLE_LOADER = "$(TEST_HOST)";
				CODE_SIGN_STYLE = Automatic;
				DEVELOPMENT_TEAM = AKN8F42NM6;
				INFOPLIST_FILE = MyNSBTests/Info.plist;
				LD_RUNPATH_SEARCH_PATHS = "$(inherited) @executable_path/Frameworks @loader_path/Frameworks";
				PRODUCT_BUNDLE_IDENTIFIER = com.qwerpderp.MyNSBTests;
				PRODUCT_NAME = "$(TARGET_NAME)";
				SWIFT_VERSION = 4.0;
				TARGETED_DEVICE_FAMILY = "1,2";
				TEST_HOST = "$(BUILT_PRODUCTS_DIR)/MyNSB.app/MyNSB";
			};
			name = Debug;
		};
		2C3D2BB01FC43DAE0043A574 /* Release */ = {
			isa = XCBuildConfiguration;
			buildSettings = {
				ALWAYS_EMBED_SWIFT_STANDARD_LIBRARIES = YES;
				BUNDLE_LOADER = "$(TEST_HOST)";
				CODE_SIGN_STYLE = Automatic;
				DEVELOPMENT_TEAM = AKN8F42NM6;
				INFOPLIST_FILE = MyNSBTests/Info.plist;
				LD_RUNPATH_SEARCH_PATHS = "$(inherited) @executable_path/Frameworks @loader_path/Frameworks";
				PRODUCT_BUNDLE_IDENTIFIER = com.qwerpderp.MyNSBTests;
				PRODUCT_NAME = "$(TARGET_NAME)";
				SWIFT_VERSION = 4.0;
				TARGETED_DEVICE_FAMILY = "1,2";
				TEST_HOST = "$(BUILT_PRODUCTS_DIR)/MyNSB.app/MyNSB";
			};
			name = Release;
		};
		2C3D2BB21FC43DAE0043A574 /* Debug */ = {
			isa = XCBuildConfiguration;
			buildSettings = {
				ALWAYS_EMBED_SWIFT_STANDARD_LIBRARIES = YES;
				CODE_SIGN_STYLE = Automatic;
				DEVELOPMENT_TEAM = AKN8F42NM6;
				INFOPLIST_FILE = MyNSBUITests/Info.plist;
				LD_RUNPATH_SEARCH_PATHS = "$(inherited) @executable_path/Frameworks @loader_path/Frameworks";
				PRODUCT_BUNDLE_IDENTIFIER = com.qwerpderp.MyNSBUITests;
				PRODUCT_NAME = "$(TARGET_NAME)";
				SWIFT_VERSION = 4.0;
				TARGETED_DEVICE_FAMILY = "1,2";
				TEST_TARGET_NAME = MyNSB;
			};
			name = Debug;
		};
		2C3D2BB31FC43DAE0043A574 /* Release */ = {
			isa = XCBuildConfiguration;
			buildSettings = {
				ALWAYS_EMBED_SWIFT_STANDARD_LIBRARIES = YES;
				CODE_SIGN_STYLE = Automatic;
				DEVELOPMENT_TEAM = AKN8F42NM6;
				INFOPLIST_FILE = MyNSBUITests/Info.plist;
				LD_RUNPATH_SEARCH_PATHS = "$(inherited) @executable_path/Frameworks @loader_path/Frameworks";
				PRODUCT_BUNDLE_IDENTIFIER = com.qwerpderp.MyNSBUITests;
				PRODUCT_NAME = "$(TARGET_NAME)";
				SWIFT_VERSION = 4.0;
				TARGETED_DEVICE_FAMILY = "1,2";
				TEST_TARGET_NAME = MyNSB;
			};
			name = Release;
		};
/* End XCBuildConfiguration section */

/* Begin XCConfigurationList section */
		2C3D2B7E1FC43DAE0043A574 /* Build configuration list for PBXProject "MyNSB" */ = {
			isa = XCConfigurationList;
			buildConfigurations = (
				2C3D2BA91FC43DAE0043A574 /* Debug */,
				2C3D2BAA1FC43DAE0043A574 /* Release */,
			);
			defaultConfigurationIsVisible = 0;
			defaultConfigurationName = Release;
		};
		2C3D2BAB1FC43DAE0043A574 /* Build configuration list for PBXNativeTarget "MyNSB" */ = {
			isa = XCConfigurationList;
			buildConfigurations = (
				2C3D2BAC1FC43DAE0043A574 /* Debug */,
				2C3D2BAD1FC43DAE0043A574 /* Release */,
			);
			defaultConfigurationIsVisible = 0;
			defaultConfigurationName = Release;
		};
		2C3D2BAE1FC43DAE0043A574 /* Build configuration list for PBXNativeTarget "MyNSBTests" */ = {
			isa = XCConfigurationList;
			buildConfigurations = (
				2C3D2BAF1FC43DAE0043A574 /* Debug */,
				2C3D2BB01FC43DAE0043A574 /* Release */,
			);
			defaultConfigurationIsVisible = 0;
			defaultConfigurationName = Release;
		};
		2C3D2BB11FC43DAE0043A574 /* Build configuration list for PBXNativeTarget "MyNSBUITests" */ = {
			isa = XCConfigurationList;
			buildConfigurations = (
				2C3D2BB21FC43DAE0043A574 /* Debug */,
				2C3D2BB31FC43DAE0043A574 /* Release */,
			);
			defaultConfigurationIsVisible = 0;
			defaultConfigurationName = Release;
		};
/* End XCConfigurationList section */
	};
	rootObject = 2C3D2B7B1FC43DAE0043A574 /* Project object */;
}
