PODS:
  - Alamofire (4.7.2)
  - AlamofireImage (3.3.1):
    - Alamofire (~> 4.5)
  - iOS-Color-Picker (1.2)
  - PromiseKit (6.2.7):
    - PromiseKit/CorePromise (= 6.2.7)
    - PromiseKit/Foundation (= 6.2.7)
    - PromiseKit/UIKit (= 6.2.7)
  - PromiseKit/Alamofire (6.2.7):
    - Alamofire (~> 4.0)
    - PromiseKit/CorePromise
  - PromiseKit/CorePromise (6.2.7)
  - PromiseKit/Foundation (6.2.7):
    - PromiseKit/CorePromise
  - PromiseKit/UIKit (6.2.7):
    - PromiseKit/CorePromise
  - RSDayFlow (1.7.0)
  - SwiftyJSON (4.1.0)

DEPENDENCIES:
  - Alamofire (~> 4.5)
  - AlamofireImage (~> 3.3)
  - iOS-Color-Picker
  - PromiseKit (~> 6.0)
  - PromiseKit/Alamofire (~> 6.0)
  - RSDayFlow (~> 1.7.0)
  - SwiftyJSON (~> 4.1.0)

SPEC REPOS:
  https://github.com/cocoapods/specs.git:
    - Alamofire
    - AlamofireImage
    - iOS-Color-Picker
    - PromiseKit
    - RSDayFlow
    - SwiftyJSON

SPEC CHECKSUMS:
  Alamofire: e4fa87002c137ba2d8d634d2c51fabcda0d5c223
  AlamofireImage: 3b35b586853abaf94ca1250f4e94cff3c21a4c0d
  iOS-Color-Picker: 4284a4d744a7cafe9d22d4b66eefc45342b80f1d
  PromiseKit: 12b9d87748b170714247d8b2677146ca57e488f2
  RSDayFlow: 5c3af19200155a956eda4b3a82fec4020e0b5ffd
  SwiftyJSON: c29297daf073d2aa016295d5809cdd68045c39b3

PODFILE CHECKSUM: 2cd1bd32508202b13bb8c595164e29ec95f6398b

COCOAPODS: 1.5.3
